
Microsoft Visual Studio Solution File, Format Version 12.00
# Visual Studio Version 17
VisualStudioVersion = 17.0.32112.339
MinimumVisualStudioVersion = 10.0.40219.1
Project("{FAE04EC0-301F-11D3-BF4B-00C04F79EFBC}") = "ADO", "ADO\ADO.csproj", "{C23461FD-24E1-4070-921D-D1D181DD6384}"
EndProject
Project("{FAE04EC0-301F-11D3-BF4B-00C04F79EFBC}") = "WithDatabase", "WithDatabase\WithDatabase.csproj", "{6F854A0D-EFF2-4675-98E5-8F3A83D22DED}"
EndProject
Project("{FAE04EC0-301F-11D3-BF4B-00C04F79EFBC}") = "WithoutDatabase", "WithoutDatabase\WithoutDatabase.csproj", "{173DD6E7-C90D-4934-BEBB-921B1E00B0B7}"
EndProject
Global
	GlobalSection(SolutionConfigurationPlatforms) = preSolution
		Debug|Any CPU = Debug|Any CPU
		Release|Any CPU = Release|Any CPU
	EndGlobalSection
	GlobalSection(ProjectConfigurationPlatforms) = postSolution
		{C23461FD-24E1-4070-921D-D1D181DD6384}.Debug|Any CPU.ActiveCfg = Debug|Any CPU
		{C23461FD-24E1-4070-921D-D1D181DD6384}.Debug|Any CPU.Build.0 = Debug|Any CPU
		{C23461FD-24E1-4070-921D-D1D181DD6384}.Release|Any CPU.ActiveCfg = Release|Any CPU
		{C23461FD-24E1-4070-921D-D1D181DD6384}.Release|Any CPU.Build.0 = Release|Any CPU
		{6F854A0D-EFF2-4675-98E5-8F3A83D22DED}.Debug|Any CPU.ActiveCfg = Debug|Any CPU
		{6F854A0D-EFF2-4675-98E5-8F3A83D22DED}.Debug|Any CPU.Build.0 = Debug|Any CPU
		{6F854A0D-EFF2-4675-98E5-8F3A83D22DED}.Release|Any CPU.ActiveCfg = Release|Any CPU
		{6F854A0D-EFF2-4675-98E5-8F3A83D22DED}.Release|Any CPU.Build.0 = Release|Any CPU
		{173DD6E7-C90D-4934-BEBB-921B1E00B0B7}.Debug|Any CPU.ActiveCfg = Debug|Any CPU
		{173DD6E7-C90D-4934-BEBB-921B1E00B0B7}.Debug|Any CPU.Build.0 = Debug|Any CPU
		{173DD6E7-C90D-4934-BEBB-921B1E00B0B7}.Release|Any CPU.ActiveCfg = Release|Any CPU
		{173DD6E7-C90D-4934-BEBB-921B1E00B0B7}.Release|Any CPU.Build.0 = Release|Any CPU
	EndGlobalSection
	GlobalSection(SolutionProperties) = preSolution
		HideSolutionNode = FALSE
	EndGlobalSection
	GlobalSection(ExtensibilityGlobals) = postSolution
		SolutionGuid = {7FC80D51-ADDD-4DE2-B5F0-928C648658B6}
	EndGlobalSection
EndGlobal
