
Microsoft Visual Studio Solution File, Format Version 12.00
# Visual Studio Version 17
VisualStudioVersion = 17.10.35013.160
MinimumVisualStudioVersion = 10.0.40219.1
Project("{FAE04EC0-301F-11D3-BF4B-00C04F79EFBC}") = "Conducteur", "Conducteur.csproj", "{5409B187-3971-49A7-AF4C-1328F9F069EE}"
EndProject
Project("{FAE04EC0-301F-11D3-BF4B-00C04F79EFBC}") = "Spectre_demo", "..\Spectre_demo\Spectre_demo.csproj", "{2FFEBDC8-AAA3-4BFC-B8A6-19BBA07932AD}"
EndProject
Global
	GlobalSection(SolutionConfigurationPlatforms) = preSolution
		Debug|Any CPU = Debug|Any CPU
		Release|Any CPU = Release|Any CPU
	EndGlobalSection
	GlobalSection(ProjectConfigurationPlatforms) = postSolution
		{5409B187-3971-49A7-AF4C-1328F9F069EE}.Debug|Any CPU.ActiveCfg = Debug|Any CPU
		{5409B187-3971-49A7-AF4C-1328F9F069EE}.Debug|Any CPU.Build.0 = Debug|Any CPU
		{5409B187-3971-49A7-AF4C-1328F9F069EE}.Release|Any CPU.ActiveCfg = Release|Any CPU
		{5409B187-3971-49A7-AF4C-1328F9F069EE}.Release|Any CPU.Build.0 = Release|Any CPU
		{2FFEBDC8-AAA3-4BFC-B8A6-19BBA07932AD}.Debug|Any CPU.ActiveCfg = Debug|Any CPU
		{2FFEBDC8-AAA3-4BFC-B8A6-19BBA07932AD}.Debug|Any CPU.Build.0 = Debug|Any CPU
		{2FFEBDC8-AAA3-4BFC-B8A6-19BBA07932AD}.Release|Any CPU.ActiveCfg = Release|Any CPU
		{2FFEBDC8-AAA3-4BFC-B8A6-19BBA07932AD}.Release|Any CPU.Build.0 = Release|Any CPU
	EndGlobalSection
	GlobalSection(SolutionProperties) = preSolution
		HideSolutionNode = FALSE
	EndGlobalSection
	GlobalSection(ExtensibilityGlobals) = postSolution
		SolutionGuid = {7DECC2B2-0DF6-4DB1-9490-247A018170B1}
	EndGlobalSection
EndGlobal
